{
  "name": "Omnidesk-BD",
  "lockfileVersion": 3,
  "requires": true,
  "packages": {
    "": {
      "dependencies": {
        "@tauri-apps/cli": "^3.0.0-alpha.0",
        "@tauri-apps/plugin-dialog": "^3.0.0-alpha.0",
        "@tauri-apps/plugin-fs": "^3.0.0-alpha.0",
        "@tauri-apps/plugin-shell": "^3.0.0-alpha.0"
      }
    },
    "node_modules/@tauri-apps/api": {
      "version": "2.11.1",
      "resolved": "https://registry.npmjs.org/@tauri-apps/api/-/api-2.11.1.tgz",
      "integrity": "sha512-M2FPuYND2m+wh5hfW9ZpSdxMPdEJovPBWwoHJmwUpysTYNHaOkVFN419m/K0LIgjb/7KU2vBgsUepJWugQCvAA==",
      "license": "Apache-2.0 OR MIT",
      "funding": {
        "type": "opencollective",
        "url": "https://opencollective.com/tauri"
      }
    },
    "node_modules/@tauri-apps/cli": {
      "version": "3.0.0-alpha.0",
      "resolved": "https://registry.npmjs.org/@tauri-apps/cli/-/cli-3.0.0-alpha.0.tgz",
      "integrity": "sha512-RGNBGcaku8+v6dBsbcm0Q8LR8Sn7eVQ3/BgcukgHnWP96qbEqKsfFT/yp6DS8B4nsRB9QZWEfeFxL65dWejZrA==",
      "license": "Apache-2.0 OR MIT",
      "bin": {
        "tauri": "tauri.js"
      },
      "engines": {
        "node": ">= 10"
      },
      "funding": {
        "type": "opencollective",
        "url": "https://opencollective.com/tauri"
      },
      "optionalDependencies": {
        "@tauri-apps/cli-darwin-arm64": "3.0.0-alpha.0",
        "@tauri-apps/cli-darwin-x64": "3.0.0-alpha.0",
        "@tauri-apps/cli-linux-arm-gnueabihf": "3.0.0-alpha.0",
        "@tauri-apps/cli-linux-arm64-gnu": "3.0.0-alpha.0",
        "@tauri-apps/cli-linux-arm64-musl": "3.0.0-alpha.0",
        "@tauri-apps/cli-linux-riscv64-gnu": "3.0.0-alpha.0",
        "@tauri-apps/cli-linux-x64-gnu": "3.0.0-alpha.0",
        "@tauri-apps/cli-linux-x64-musl": "3.0.0-alpha.0",
        "@tauri-apps/cli-win32-arm64-msvc": "3.0.0-alpha.0",
        "@tauri-apps/cli-win32-ia32-msvc": "3.0.0-alpha.0",
        "@tauri-apps/cli-win32-x64-msvc": "3.0.0-alpha.0"
      }
    },
    "node_modules/@tauri-apps/cli-darwin-arm64": {
      "version": "3.0.0-alpha.0",
      "resolved": "https://registry.npmjs.org/@tauri-apps/cli-darwin-arm64/-/cli-darwin-arm64-3.0.0-alpha.0.tgz",
      "integrity": "sha512-AG0AyNwrztE61q1gb1uQ4Zd7PhCpdPxZxmIe3TuEPHu9mA2W+1DdxjPVuQ9HFrXys/tn1vBkXNhopP5jKVQW3w==",
      "cpu": [
        "arm64"
      ],
      "license": "Apache-2.0 OR MIT",
      "optional": true,
      "os": [
        "darwin"
      ],
      "engines": {
        "node": ">= 10"
      }
    },
    "node_modules/@tauri-apps/cli-darwin-x64": {
      "version": "3.0.0-alpha.0",
      "resolved": "https://registry.npmjs.org/@tauri-apps/cli-darwin-x64/-/cli-darwin-x64-3.0.0-alpha.0.tgz",
      "integrity": "sha512-wlMdJWGnuIoJehx0uyhEuNEaTisGXxZ7JxIYSylqpOekwLAhHubGDB+eIbPmqDuG6BvrCAPJXstLDNz7jwiykA==",
      "cpu": [
        "x64"
      ],
      "license": "Apache-2.0 OR MIT",
      "optional": true,
      "os": [
        "darwin"
      ],
      "engines": {
        "node": ">= 10"
      }
    },
    "node_modules/@tauri-apps/cli-linux-arm-gnueabihf": {
      "version": "3.0.0-alpha.0",
      "resolved": "https://registry.npmjs.org/@tauri-apps/cli-linux-arm-gnueabihf/-/cli-linux-arm-gnueabihf-3.0.0-alpha.0.tgz",
      "integrity": "sha512-TM63Yy24yQDNJ6aIP783iZDkZUrAqq1eaiTucAaQt6eWi/bcCNhvLdQF+knDU4UnRGltCMHjCtvor86Bq35hsA==",
      "cpu": [
        "arm"
      ],
      "license": "Apache-2.0 OR MIT",
      "optional": true,
      "os": [
        "linux"
      ],
      "engines": {
        "node": ">= 10"
      }
    },
    "node_modules/@tauri-apps/cli-linux-arm64-gnu": {
      "version": "3.0.0-alpha.0",
      "resolved": "https://registry.npmjs.org/@tauri-apps/cli-linux-arm64-gnu/-/cli-linux-arm64-gnu-3.0.0-alpha.0.tgz",
      "integrity": "sha512-TootTbhl+Adn3K+WbLGrDMZqjCqMwA2xsjrTbJew9+yt1zwSuy9JmHb7V1PJzQn5Nn2GV6TVdQhgk5rGD8GzYQ==",
      "cpu": [
        "arm64"
      ],
      "libc": [
        "glibc"
      ],
      "license": "Apache-2.0 OR MIT",
      "optional": true,
      "os": [
        "linux"
      ],
      "engines": {
        "node": ">= 10"
      }
    },
    "node_modules/@tauri-apps/cli-linux-arm64-musl": {
      "version": "3.0.0-alpha.0",
      "resolved": "https://registry.npmjs.org/@tauri-apps/cli-linux-arm64-musl/-/cli-linux-arm64-musl-3.0.0-alpha.0.tgz",
      "integrity": "sha512-LhHeVGnrLbfsiDFikTP6CgxVKMOG/L+NVhYBYTlieeqs5uOLret26fOYF/D4oWAmSQrzApBeI3XuCZAm/jvQyQ==",
      "cpu": [
        "arm64"
      ],
      "libc": [
        "musl"
      ],
      "license": "Apache-2.0 OR MIT",
      "optional": true,
      "os": [
        "linux"
      ],
      "engines": {
        "node": ">= 10"
      }
    },
    "node_modules/@tauri-apps/cli-linux-riscv64-gnu": {
      "version": "3.0.0-alpha.0",
      "resolved": "https://registry.npmjs.org/@tauri-apps/cli-linux-riscv64-gnu/-/cli-linux-riscv64-gnu-3.0.0-alpha.0.tgz",
      "integrity": "sha512-49JdAAr678PdgAOLtyQIICDmPaMp0HZZ0u7ITZdpz6Xc27mgFJLQSEEL0lU0AcRNFonddNqDwXSvZsb6xOICNA==",
      "cpu": [
        "riscv64"
      ],
      "libc": [
        "glibc"
      ],
      "license": "Apache-2.0 OR MIT",
      "optional": true,
      "os": [
        "linux"
      ],
      "engines": {
        "node": ">= 10"
      }
    },
    "node_modules/@tauri-apps/cli-linux-x64-gnu": {
      "version": "3.0.0-alpha.0",
      "resolved": "https://registry.npmjs.org/@tauri-apps/cli-linux-x64-gnu/-/cli-linux-x64-gnu-3.0.0-alpha.0.tgz",
      "integrity": "sha512-ZdGebu3X5jmUB8tK4/1Tsi01Opo8lY9P0MxkbdjEL7tPg/zv8mL3TKXwbj+kxm3iHRPOKsKHQPkv0G848gi9oQ==",
      "cpu": [
        "x64"
      ],
      "libc": [
        "glibc"
      ],
      "license": "Apache-2.0 OR MIT",
      "optional": true,
      "os": [
        "linux"
      ],
      "engines": {
        "node": ">= 10"
      }
    },
    "node_modules/@tauri-apps/cli-linux-x64-musl": {
      "version": "3.0.0-alpha.0",
      "resolved": "https://registry.npmjs.org/@tauri-apps/cli-linux-x64-musl/-/cli-linux-x64-musl-3.0.0-alpha.0.tgz",
      "integrity": "sha512-k2ibjqmakjp3WZAaKQXxZLzqUKgUzEVlemCWZ+5B7jy1CiGPOTddiEriW/gZnN/xa32tHcNiJ+RDQHdSsDYXqg==",
      "cpu": [
        "x64"
      ],
      "libc": [
        "musl"
      ],
      "license": "Apache-2.0 OR MIT",
      "optional": true,
      "os": [
        "linux"
      ],
      "engines": {
        "node": ">= 10"
      }
    },
    "node_modules/@tauri-apps/cli-win32-arm64-msvc": {
      "version": "3.0.0-alpha.0",
      "resolved": "https://registry.npmjs.org/@tauri-apps/cli-win32-arm64-msvc/-/cli-win32-arm64-msvc-3.0.0-alpha.0.tgz",
      "integrity": "sha512-5qn+WpBEaUXTILHDYjQyWlRgH02RgveohwoMP9NPPhKdiWjRCSXFWFzYldiHEyIYLDAvzGF0/2q6YUqMoxfcfw==",
      "cpu": [
        "arm64"
      ],
      "license": "Apache-2.0 OR MIT",
      "optional": true,
      "os": [
        "win32"
      ],
      "engines": {
        "node": ">= 10"
      }
    },
    "node_modules/@tauri-apps/cli-win32-ia32-msvc": {
      "version": "3.0.0-alpha.0",
      "resolved": "https://registry.npmjs.org/@tauri-apps/cli-win32-ia32-msvc/-/cli-win32-ia32-msvc-3.0.0-alpha.0.tgz",
      "integrity": "sha512-oymQ0xRPFCoZpANbfs0oEB2fFbYxyQXBMP3yOMiaukvQomeLgVisIqzE5yz9tKDJBotAKlvnBDHUkbcuUJFKkg==",
      "cpu": [
        "ia32"
      ],
      "license": "Apache-2.0 OR MIT",
      "optional": true,
      "os": [
        "win32"
      ],
      "engines": {
        "node": ">= 10"
      }
    },
    "node_modules/@tauri-apps/cli-win32-x64-msvc": {
      "version": "3.0.0-alpha.0",
      "resolved": "https://registry.npmjs.org/@tauri-apps/cli-win32-x64-msvc/-/cli-win32-x64-msvc-3.0.0-alpha.0.tgz",
      "integrity": "sha512-dcL/14AreS1G9EEFrw58Q5e6vHbZpsV4DsX6W0ZbQAsJpOQ5l+x5dBCEmRZABjdIDfDNXWRa+WF0KPMEhx0SyQ==",
      "cpu": [
        "x64"
      ],
      "license": "Apache-2.0 OR MIT",
      "optional": true,
      "os": [
        "win32"
      ],
      "engines": {
        "node": ">= 10"
      }
    },
    "node_modules/@tauri-apps/plugin-dialog": {
      "version": "3.0.0-alpha.0",
      "resolved": "https://registry.npmjs.org/@tauri-apps/plugin-dialog/-/plugin-dialog-3.0.0-alpha.0.tgz",
      "integrity": "sha512-ZnHHbwYlB/1nJqs0gZdi7eHumo3mArCSakx/7T1pqEIkqmXV4PHC+dSZLzsc20+A/HNgIQqa2uR/+yaXKWDzbw==",
      "license": "MIT OR Apache-2.0",
      "dependencies": {
        "@tauri-apps/api": "^2.11.0"
      }
    },
    "node_modules/@tauri-apps/plugin-fs": {
      "version": "3.0.0-alpha.0",
      "resolved": "https://registry.npmjs.org/@tauri-apps/plugin-fs/-/plugin-fs-3.0.0-alpha.0.tgz",
      "integrity": "sha512-PlpcBFbWNZZrOvd0pUJbdTGaDFXuFVtW5tmF2D2w7mf/KwRI0w7jzrR1b7Sy6fs0lOR5zI/sXQHdt7ExKoEMcQ==",
      "license": "MIT OR Apache-2.0",
      "dependencies": {
        "@tauri-apps/api": "^2.11.0"
      }
    },
    "node_modules/@tauri-apps/plugin-shell": {
      "version": "3.0.0-alpha.0",
      "resolved": "https://registry.npmjs.org/@tauri-apps/plugin-shell/-/plugin-shell-3.0.0-alpha.0.tgz",
      "integrity": "sha512-ryDLiK3GlpgoXGP6r1dfImz7VPGmw6kPpLkrLv4xtbaJVn7PYVVCzlgrG+h6eMwmY2U3Gd8qiRMe5IIkLBOV2A==",
      "license": "MIT OR Apache-2.0",
      "dependencies": {
        "@tauri-apps/api": "^2.11.0"
      }
    }
  }
}
